
Microsoft Visual Studio Solution File, Format Version 12.00
# Visual Studio 15
VisualStudioVersion = 15.0.27130.2027
MinimumVisualStudioVersion = 10.0.40219.1
Project("{FAE04EC0-301F-11D3-BF4B-00C04F79EFBC}") = "App1.Android", "App1\App1.Android\App1.Android.csproj", "{FD9575D7-1CF1-4782-97EA-DD7B2A5EED15}"
EndProject
Project("{FAE04EC0-301F-11D3-BF4B-00C04F79EFBC}") = "App1.iOS", "App1\App1.iOS\App1.iOS.csproj", "{981D3F9D-EAD5-4A5E-AE17-3761CE0240E9}"
EndProject
Project("{FAE04EC0-301F-11D3-BF4B-00C04F79EFBC}") = "App1.UWP", "App1\App1.UWP\App1.UWP.csproj", "{900E2CD3-9E98-4031-AA8C-63EA7036E980}"
EndProject
Project("{D954291E-2A0B-460D-934E-DC6B0785DB48}") = "App1", "App1\App1\App1.shproj", "{EBF8CCDB-F860-4A83-B98F-D36D9783F1BE}"
EndProject
Global
	GlobalSection(SharedMSBuildProjectFiles) = preSolution
		App1\App1\App1.projitems*{900e2cd3-9e98-4031-aa8c-63ea7036e980}*SharedItemsImports = 4
		App1\App1\App1.projitems*{981d3f9d-ead5-4a5e-ae17-3761ce0240e9}*SharedItemsImports = 4
		App1\App1\App1.projitems*{ebf8ccdb-f860-4a83-b98f-d36d9783f1be}*SharedItemsImports = 13
		App1\App1\App1.projitems*{fd9575d7-1cf1-4782-97ea-dd7b2a5eed15}*SharedItemsImports = 4
	EndGlobalSection
	GlobalSection(SolutionConfigurationPlatforms) = preSolution
		Ad-Hoc|Any CPU = Ad-Hoc|Any CPU
		Ad-Hoc|ARM = Ad-Hoc|ARM
		Ad-Hoc|iPhone = Ad-Hoc|iPhone
		Ad-Hoc|iPhoneSimulator = Ad-Hoc|iPhoneSimulator
		Ad-Hoc|x64 = Ad-Hoc|x64
		Ad-Hoc|x86 = Ad-Hoc|x86
		AppStore|Any CPU = AppStore|Any CPU
		AppStore|ARM = AppStore|ARM
		AppStore|iPhone = AppStore|iPhone
		AppStore|iPhoneSimulator = AppStore|iPhoneSimulator
		AppStore|x64 = AppStore|x64
		AppStore|x86 = AppStore|x86
		Debug|Any CPU = Debug|Any CPU
		Debug|ARM = Debug|ARM
		Debug|iPhone = Debug|iPhone
		Debug|iPhoneSimulator = Debug|iPhoneSimulator
		Debug|x64 = Debug|x64
		Debug|x86 = Debug|x86
		Release|Any CPU = Release|Any CPU
		Release|ARM = Release|ARM
		Release|iPhone = Release|iPhone
		Release|iPhoneSimulator = Release|iPhoneSimulator
		Release|x64 = Release|x64
		Release|x86 = Release|x86
	EndGlobalSection
	GlobalSection(ProjectConfigurationPlatforms) = postSolution
		{FD9575D7-1CF1-4782-97EA-DD7B2A5EED15}.Ad-Hoc|Any CPU.ActiveCfg = Release|Any CPU
		{FD9575D7-1CF1-4782-97EA-DD7B2A5EED15}.Ad-Hoc|Any CPU.Build.0 = Release|Any CPU
		{FD9575D7-1CF1-4782-97EA-DD7B2A5EED15}.Ad-Hoc|Any CPU.Deploy.0 = Release|Any CPU
		{FD9575D7-1CF1-4782-97EA-DD7B2A5EED15}.Ad-Hoc|ARM.ActiveCfg = Release|Any CPU
		{FD9575D7-1CF1-4782-97EA-DD7B2A5EED15}.Ad-Hoc|ARM.Build.0 = Release|Any CPU
		{FD9575D7-1CF1-4782-97EA-DD7B2A5EED15}.Ad-Hoc|ARM.Deploy.0 = Release|Any CPU
		{FD9575D7-1CF1-4782-97EA-DD7B2A5EED15}.Ad-Hoc|iPhone.ActiveCfg = Release|Any CPU
		{FD9575D7-1CF1-4782-97EA-DD7B2A5EED15}.Ad-Hoc|iPhone.Build.0 = Release|Any CPU
		{FD9575D7-1CF1-4782-97EA-DD7B2A5EED15}.Ad-Hoc|iPhone.Deploy.0 = Release|Any CPU
		{FD9575D7-1CF1-4782-97EA-DD7B2A5EED15}.Ad-Hoc|iPhoneSimulator.ActiveCfg = Release|Any CPU
		{FD9575D7-1CF1-4782-97EA-DD7B2A5EED15}.Ad-Hoc|iPhoneSimulator.Build.0 = Release|Any CPU
		{FD9575D7-1CF1-4782-97EA-DD7B2A5EED15}.Ad-Hoc|iPhoneSimulator.Deploy.0 = Release|Any CPU
		{FD9575D7-1CF1-4782-97EA-DD7B2A5EED15}.Ad-Hoc|x64.ActiveCfg = Release|Any CPU
		{FD9575D7-1CF1-4782-97EA-DD7B2A5EED15}.Ad-Hoc|x64.Build.0 = Release|Any CPU
		{FD9575D7-1CF1-4782-97EA-DD7B2A5EED15}.Ad-Hoc|x64.Deploy.0 = Release|Any CPU
		{FD9575D7-1CF1-4782-97EA-DD7B2A5EED15}.Ad-Hoc|x86.ActiveCfg = Release|Any CPU
		{FD9575D7-1CF1-4782-97EA-DD7B2A5EED15}.Ad-Hoc|x86.Build.0 = Release|Any CPU
		{FD9575D7-1CF1-4782-97EA-DD7B2A5EED15}.Ad-Hoc|x86.Deploy.0 = Release|Any CPU
		{FD9575D7-1CF1-4782-97EA-DD7B2A5EED15}.AppStore|Any CPU.ActiveCfg = Release|Any CPU
		{FD9575D7-1CF1-4782-97EA-DD7B2A5EED15}.AppStore|Any CPU.Build.0 = Release|Any CPU
		{FD9575D7-1CF1-4782-97EA-DD7B2A5EED15}.AppStore|Any CPU.Deploy.0 = Release|Any CPU
		{FD9575D7-1CF1-4782-97EA-DD7B2A5EED15}.AppStore|ARM.ActiveCfg = Release|Any CPU
		{FD9575D7-1CF1-4782-97EA-DD7B2A5EED15}.AppStore|ARM.Build.0 = Release|Any CPU
		{FD9575D7-1CF1-4782-97EA-DD7B2A5EED15}.AppStore|ARM.Deploy.0 = Release|Any CPU
		{FD9575D7-1CF1-4782-97EA-DD7B2A5EED15}.AppStore|iPhone.ActiveCfg = Release|Any CPU
		{FD9575D7-1CF1-4782-97EA-DD7B2A5EED15}.AppStore|iPhone.Build.0 = Release|Any CPU
		{FD9575D7-1CF1-4782-97EA-DD7B2A5EED15}.AppStore|iPhone.Deploy.0 = Release|Any CPU
		{FD9575D7-1CF1-4782-97EA-DD7B2A5EED15}.AppStore|iPhoneSimulator.ActiveCfg = Release|Any CPU
		{FD9575D7-1CF1-4782-97EA-DD7B2A5EED15}.AppStore|iPhoneSimulator.Build.0 = Release|Any CPU
		{FD9575D7-1CF1-4782-97EA-DD7B2A5EED15}.AppStore|iPhoneSimulator.Deploy.0 = Release|Any CPU
		{FD9575D7-1CF1-4782-97EA-DD7B2A5EED15}.AppStore|x64.ActiveCfg = Release|Any CPU
		{FD9575D7-1CF1-4782-97EA-DD7B2A5EED15}.AppStore|x64.Build.0 = Release|Any CPU
		{FD9575D7-1CF1-4782-97EA-DD7B2A5EED15}.AppStore|x64.Deploy.0 = Release|Any CPU
		{FD9575D7-1CF1-4782-97EA-DD7B2A5EED15}.AppStore|x86.ActiveCfg = Release|Any CPU
		{FD9575D7-1CF1-4782-97EA-DD7B2A5EED15}.AppStore|x86.Build.0 = Release|Any CPU
		{FD9575D7-1CF1-4782-97EA-DD7B2A5EED15}.AppStore|x86.Deploy.0 = Release|Any CPU
		{FD9575D7-1CF1-4782-97EA-DD7B2A5EED15}.Debug|Any CPU.ActiveCfg = Debug|Any CPU
		{FD9575D7-1CF1-4782-97EA-DD7B2A5EED15}.Debug|Any CPU.Build.0 = Debug|Any CPU
		{FD9575D7-1CF1-4782-97EA-DD7B2A5EED15}.Debug|Any CPU.Deploy.0 = Debug|Any CPU
		{FD9575D7-1CF1-4782-97EA-DD7B2A5EED15}.Debug|ARM.ActiveCfg = Debug|Any CPU
		{FD9575D7-1CF1-4782-97EA-DD7B2A5EED15}.Debug|ARM.Build.0 = Debug|Any CPU
		{FD9575D7-1CF1-4782-97EA-DD7B2A5EED15}.Debug|ARM.Deploy.0 = Debug|Any CPU
		{FD9575D7-1CF1-4782-97EA-DD7B2A5EED15}.Debug|iPhone.ActiveCfg = Debug|Any CPU
		{FD9575D7-1CF1-4782-97EA-DD7B2A5EED15}.Debug|iPhone.Build.0 = Debug|Any CPU
		{FD9575D7-1CF1-4782-97EA-DD7B2A5EED15}.Debug|iPhone.Deploy.0 = Debug|Any CPU
		{FD9575D7-1CF1-4782-97EA-DD7B2A5EED15}.Debug|iPhoneSimulator.ActiveCfg = Debug|Any CPU
		{FD9575D7-1CF1-4782-97EA-DD7B2A5EED15}.Debug|iPhoneSimulator.Build.0 = Debug|Any CPU
		{FD9575D7-1CF1-4782-97EA-DD7B2A5EED15}.Debug|iPhoneSimulator.Deploy.0 = Debug|Any CPU
		{FD9575D7-1CF1-4782-97EA-DD7B2A5EED15}.Debug|x64.ActiveCfg = Debug|Any CPU
		{FD9575D7-1CF1-4782-97EA-DD7B2A5EED15}.Debug|x64.Build.0 = Debug|Any CPU
		{FD9575D7-1CF1-4782-97EA-DD7B2A5EED15}.Debug|x64.Deploy.0 = Debug|Any CPU
		{FD9575D7-1CF1-4782-97EA-DD7B2A5EED15}.Debug|x86.ActiveCfg = Debug|Any CPU
		{FD9575D7-1CF1-4782-97EA-DD7B2A5EED15}.Debug|x86.Build.0 = Debug|Any CPU
		{FD9575D7-1CF1-4782-97EA-DD7B2A5EED15}.Debug|x86.Deploy.0 = Debug|Any CPU
		{FD9575D7-1CF1-4782-97EA-DD7B2A5EED15}.Release|Any CPU.ActiveCfg = Release|Any CPU
		{FD9575D7-1CF1-4782-97EA-DD7B2A5EED15}.Release|Any CPU.Build.0 = Release|Any CPU
		{FD9575D7-1CF1-4782-97EA-DD7B2A5EED15}.Release|Any CPU.Deploy.0 = Release|Any CPU
		{FD9575D7-1CF1-4782-97EA-DD7B2A5EED15}.Release|ARM.ActiveCfg = Release|Any CPU
		{FD9575D7-1CF1-4782-97EA-DD7B2A5EED15}.Release|ARM.Build.0 = Release|Any CPU
		{FD9575D7-1CF1-4782-97EA-DD7B2A5EED15}.Release|ARM.Deploy.0 = Release|Any CPU
		{FD9575D7-1CF1-4782-97EA-DD7B2A5EED15}.Release|iPhone.ActiveCfg = Release|Any CPU
		{FD9575D7-1CF1-4782-97EA-DD7B2A5EED15}.Release|iPhone.Build.0 = Release|Any CPU
		{FD9575D7-1CF1-4782-97EA-DD7B2A5EED15}.Release|iPhone.Deploy.0 = Release|Any CPU
		{FD9575D7-1CF1-4782-97EA-DD7B2A5EED15}.Release|iPhoneSimulator.ActiveCfg = Release|Any CPU
		{FD9575D7-1CF1-4782-97EA-DD7B2A5EED15}.Release|iPhoneSimulator.Build.0 = Release|Any CPU
		{FD9575D7-1CF1-4782-97EA-DD7B2A5EED15}.Release|iPhoneSimulator.Deploy.0 = Release|Any CPU
		{FD9575D7-1CF1-4782-97EA-DD7B2A5EED15}.Release|x64.ActiveCfg = Release|Any CPU
		{FD9575D7-1CF1-4782-97EA-DD7B2A5EED15}.Release|x64.Build.0 = Release|Any CPU
		{FD9575D7-1CF1-4782-97EA-DD7B2A5EED15}.Release|x64.Deploy.0 = Release|Any CPU
		{FD9575D7-1CF1-4782-97EA-DD7B2A5EED15}.Release|x86.ActiveCfg = Release|Any CPU
		{FD9575D7-1CF1-4782-97EA-DD7B2A5EED15}.Release|x86.Build.0 = Release|Any CPU
		{FD9575D7-1CF1-4782-97EA-DD7B2A5EED15}.Release|x86.Deploy.0 = Release|Any CPU
		{981D3F9D-EAD5-4A5E-AE17-3761CE0240E9}.Ad-Hoc|Any CPU.ActiveCfg = Ad-Hoc|iPhone
		{981D3F9D-EAD5-4A5E-AE17-3761CE0240E9}.Ad-Hoc|ARM.ActiveCfg = Ad-Hoc|iPhone
		{981D3F9D-EAD5-4A5E-AE17-3761CE0240E9}.Ad-Hoc|iPhone.ActiveCfg = Ad-Hoc|iPhone
		{981D3F9D-EAD5-4A5E-AE17-3761CE0240E9}.Ad-Hoc|iPhone.Build.0 = Ad-Hoc|iPhone
		{981D3F9D-EAD5-4A5E-AE17-3761CE0240E9}.Ad-Hoc|iPhoneSimulator.ActiveCfg = Ad-Hoc|iPhoneSimulator
		{981D3F9D-EAD5-4A5E-AE17-3761CE0240E9}.Ad-Hoc|iPhoneSimulator.Build.0 = Ad-Hoc|iPhoneSimulator
		{981D3F9D-EAD5-4A5E-AE17-3761CE0240E9}.Ad-Hoc|x64.ActiveCfg = Ad-Hoc|iPhone
		{981D3F9D-EAD5-4A5E-AE17-3761CE0240E9}.Ad-Hoc|x86.ActiveCfg = Ad-Hoc|iPhone
		{981D3F9D-EAD5-4A5E-AE17-3761CE0240E9}.AppStore|Any CPU.ActiveCfg = AppStore|iPhone
		{981D3F9D-EAD5-4A5E-AE17-3761CE0240E9}.AppStore|ARM.ActiveCfg = AppStore|iPhone
		{981D3F9D-EAD5-4A5E-AE17-3761CE0240E9}.AppStore|iPhone.ActiveCfg = AppStore|iPhone
		{981D3F9D-EAD5-4A5E-AE17-3761CE0240E9}.AppStore|iPhone.Build.0 = AppStore|iPhone
		{981D3F9D-EAD5-4A5E-AE17-3761CE0240E9}.AppStore|iPhoneSimulator.ActiveCfg = AppStore|iPhoneSimulator
		{981D3F9D-EAD5-4A5E-AE17-3761CE0240E9}.AppStore|iPhoneSimulator.Build.0 = AppStore|iPhoneSimulator
		{981D3F9D-EAD5-4A5E-AE17-3761CE0240E9}.AppStore|x64.ActiveCfg = AppStore|iPhone
		{981D3F9D-EAD5-4A5E-AE17-3761CE0240E9}.AppStore|x86.ActiveCfg = AppStore|iPhone
		{981D3F9D-EAD5-4A5E-AE17-3761CE0240E9}.Debug|Any CPU.ActiveCfg = Debug|iPhone
		{981D3F9D-EAD5-4A5E-AE17-3761CE0240E9}.Debug|ARM.ActiveCfg = Debug|iPhone
		{981D3F9D-EAD5-4A5E-AE17-3761CE0240E9}.Debug|iPhone.ActiveCfg = Debug|iPhone
		{981D3F9D-EAD5-4A5E-AE17-3761CE0240E9}.Debug|iPhone.Build.0 = Debug|iPhone
		{981D3F9D-EAD5-4A5E-AE17-3761CE0240E9}.Debug|iPhoneSimulator.ActiveCfg = Debug|iPhoneSimulator
		{981D3F9D-EAD5-4A5E-AE17-3761CE0240E9}.Debug|iPhoneSimulator.Build.0 = Debug|iPhoneSimulator
		{981D3F9D-EAD5-4A5E-AE17-3761CE0240E9}.Debug|x64.ActiveCfg = Debug|iPhone
		{981D3F9D-EAD5-4A5E-AE17-3761CE0240E9}.Debug|x86.ActiveCfg = Debug|iPhone
		{981D3F9D-EAD5-4A5E-AE17-3761CE0240E9}.Release|Any CPU.ActiveCfg = Release|iPhone
		{981D3F9D-EAD5-4A5E-AE17-3761CE0240E9}.Release|ARM.ActiveCfg = Release|iPhone
		{981D3F9D-EAD5-4A5E-AE17-3761CE0240E9}.Release|iPhone.ActiveCfg = Release|iPhone
		{981D3F9D-EAD5-4A5E-AE17-3761CE0240E9}.Release|iPhone.Build.0 = Release|iPhone
		{981D3F9D-EAD5-4A5E-AE17-3761CE0240E9}.Release|iPhoneSimulator.ActiveCfg = Release|iPhoneSimulator
		{981D3F9D-EAD5-4A5E-AE17-3761CE0240E9}.Release|iPhoneSimulator.Build.0 = Release|iPhoneSimulator
		{981D3F9D-EAD5-4A5E-AE17-3761CE0240E9}.Release|x64.ActiveCfg = Release|iPhone
		{981D3F9D-EAD5-4A5E-AE17-3761CE0240E9}.Release|x86.ActiveCfg = Release|iPhone
		{900E2CD3-9E98-4031-AA8C-63EA7036E980}.Ad-Hoc|Any CPU.ActiveCfg = Release|x86
		{900E2CD3-9E98-4031-AA8C-63EA7036E980}.Ad-Hoc|Any CPU.Build.0 = Release|x86
		{900E2CD3-9E98-4031-AA8C-63EA7036E980}.Ad-Hoc|Any CPU.Deploy.0 = Release|x86
		{900E2CD3-9E98-4031-AA8C-63EA7036E980}.Ad-Hoc|ARM.ActiveCfg = Release|ARM
		{900E2CD3-9E98-4031-AA8C-63EA7036E980}.Ad-Hoc|ARM.Build.0 = Release|ARM
		{900E2CD3-9E98-4031-AA8C-63EA7036E980}.Ad-Hoc|ARM.Deploy.0 = Release|ARM
		{900E2CD3-9E98-4031-AA8C-63EA7036E980}.Ad-Hoc|iPhone.ActiveCfg = Release|x86
		{900E2CD3-9E98-4031-AA8C-63EA7036E980}.Ad-Hoc|iPhone.Build.0 = Release|x86
		{900E2CD3-9E98-4031-AA8C-63EA7036E980}.Ad-Hoc|iPhone.Deploy.0 = Release|x86
		{900E2CD3-9E98-4031-AA8C-63EA7036E980}.Ad-Hoc|iPhoneSimulator.ActiveCfg = Release|x86
		{900E2CD3-9E98-4031-AA8C-63EA7036E980}.Ad-Hoc|iPhoneSimulator.Build.0 = Release|x86
		{900E2CD3-9E98-4031-AA8C-63EA7036E980}.Ad-Hoc|iPhoneSimulator.Deploy.0 = Release|x86
		{900E2CD3-9E98-4031-AA8C-63EA7036E980}.Ad-Hoc|x64.ActiveCfg = Release|x64
		{900E2CD3-9E98-4031-AA8C-63EA7036E980}.Ad-Hoc|x64.Build.0 = Release|x64
		{900E2CD3-9E98-4031-AA8C-63EA7036E980}.Ad-Hoc|x64.Deploy.0 = Release|x64
		{900E2CD3-9E98-4031-AA8C-63EA7036E980}.Ad-Hoc|x86.ActiveCfg = Release|x86
		{900E2CD3-9E98-4031-AA8C-63EA7036E980}.Ad-Hoc|x86.Build.0 = Release|x86
		{900E2CD3-9E98-4031-AA8C-63EA7036E980}.Ad-Hoc|x86.Deploy.0 = Release|x86
		{900E2CD3-9E98-4031-AA8C-63EA7036E980}.AppStore|Any CPU.ActiveCfg = Release|x86
		{900E2CD3-9E98-4031-AA8C-63EA7036E980}.AppStore|Any CPU.Build.0 = Release|x86
		{900E2CD3-9E98-4031-AA8C-63EA7036E980}.AppStore|Any CPU.Deploy.0 = Release|x86
		{900E2CD3-9E98-4031-AA8C-63EA7036E980}.AppStore|ARM.ActiveCfg = Release|ARM
		{900E2CD3-9E98-4031-AA8C-63EA7036E980}.AppStore|ARM.Build.0 = Release|ARM
		{900E2CD3-9E98-4031-AA8C-63EA7036E980}.AppStore|ARM.Deploy.0 = Release|ARM
		{900E2CD3-9E98-4031-AA8C-63EA7036E980}.AppStore|iPhone.ActiveCfg = Release|x86
		{900E2CD3-9E98-4031-AA8C-63EA7036E980}.AppStore|iPhone.Build.0 = Release|x86
		{900E2CD3-9E98-4031-AA8C-63EA7036E980}.AppStore|iPhone.Deploy.0 = Release|x86
		{900E2CD3-9E98-4031-AA8C-63EA7036E980}.AppStore|iPhoneSimulator.ActiveCfg = Release|x86
		{900E2CD3-9E98-4031-AA8C-63EA7036E980}.AppStore|iPhoneSimulator.Build.0 = Release|x86
		{900E2CD3-9E98-4031-AA8C-63EA7036E980}.AppStore|iPhoneSimulator.Deploy.0 = Release|x86
		{900E2CD3-9E98-4031-AA8C-63EA7036E980}.AppStore|x64.ActiveCfg = Release|x64
		{900E2CD3-9E98-4031-AA8C-63EA7036E980}.AppStore|x64.Build.0 = Release|x64
		{900E2CD3-9E98-4031-AA8C-63EA7036E980}.AppStore|x64.Deploy.0 = Release|x64
		{900E2CD3-9E98-4031-AA8C-63EA7036E980}.AppStore|x86.ActiveCfg = Release|x86
		{900E2CD3-9E98-4031-AA8C-63EA7036E980}.AppStore|x86.Build.0 = Release|x86
		{900E2CD3-9E98-4031-AA8C-63EA7036E980}.AppStore|x86.Deploy.0 = Release|x86
		{900E2CD3-9E98-4031-AA8C-63EA7036E980}.Debug|Any CPU.ActiveCfg = Debug|x86
		{900E2CD3-9E98-4031-AA8C-63EA7036E980}.Debug|ARM.ActiveCfg = Debug|ARM
		{900E2CD3-9E98-4031-AA8C-63EA7036E980}.Debug|ARM.Build.0 = Debug|ARM
		{900E2CD3-9E98-4031-AA8C-63EA7036E980}.Debug|ARM.Deploy.0 = Debug|ARM
		{900E2CD3-9E98-4031-AA8C-63EA7036E980}.Debug|iPhone.ActiveCfg = Debug|x86
		{900E2CD3-9E98-4031-AA8C-63EA7036E980}.Debug|iPhoneSimulator.ActiveCfg = Debug|x86
		{900E2CD3-9E98-4031-AA8C-63EA7036E980}.Debug|x64.ActiveCfg = Debug|x64
		{900E2CD3-9E98-4031-AA8C-63EA7036E980}.Debug|x64.Build.0 = Debug|x64
		{900E2CD3-9E98-4031-AA8C-63EA7036E980}.Debug|x64.Deploy.0 = Debug|x64
		{900E2CD3-9E98-4031-AA8C-63EA7036E980}.Debug|x86.ActiveCfg = Debug|x86
		{900E2CD3-9E98-4031-AA8C-63EA7036E980}.Debug|x86.Build.0 = Debug|x86
		{900E2CD3-9E98-4031-AA8C-63EA7036E980}.Debug|x86.Deploy.0 = Debug|x86
		{900E2CD3-9E98-4031-AA8C-63EA7036E980}.Release|Any CPU.ActiveCfg = Release|x86
		{900E2CD3-9E98-4031-AA8C-63EA7036E980}.Release|ARM.ActiveCfg = Release|ARM
		{900E2CD3-9E98-4031-AA8C-63EA7036E980}.Release|ARM.Build.0 = Release|ARM
		{900E2CD3-9E98-4031-AA8C-63EA7036E980}.Release|ARM.Deploy.0 = Release|ARM
		{900E2CD3-9E98-4031-AA8C-63EA7036E980}.Release|iPhone.ActiveCfg = Release|x86
		{900E2CD3-9E98-4031-AA8C-63EA7036E980}.Release|iPhoneSimulator.ActiveCfg = Release|x86
		{900E2CD3-9E98-4031-AA8C-63EA7036E980}.Release|x64.ActiveCfg = Release|x64
		{900E2CD3-9E98-4031-AA8C-63EA7036E980}.Release|x64.Build.0 = Release|x64
		{900E2CD3-9E98-4031-AA8C-63EA7036E980}.Release|x64.Deploy.0 = Release|x64
		{900E2CD3-9E98-4031-AA8C-63EA7036E980}.Release|x86.ActiveCfg = Release|x86
		{900E2CD3-9E98-4031-AA8C-63EA7036E980}.Release|x86.Build.0 = Release|x86
		{900E2CD3-9E98-4031-AA8C-63EA7036E980}.Release|x86.Deploy.0 = Release|x86
	EndGlobalSection
	GlobalSection(SolutionProperties) = preSolution
		HideSolutionNode = FALSE
	EndGlobalSection
	GlobalSection(ExtensibilityGlobals) = postSolution
		SolutionGuid = {5108887E-F553-4A17-8A97-70B7C8E8F668}
	EndGlobalSection
EndGlobal
